
Microsoft Visual Studio Solution File, Format Version 12.00
# Visual Studio Version 16
VisualStudioVersion = 16.0.808.2
MinimumVisualStudioVersion = 10.0.40219.1
Project("{FAE04EC0-301F-11D3-BF4B-00C04F79EFBC}") = "Kdd.Common", "Kdd.Common\Kdd.Common.csproj", "{32546063-06BF-4091-ACD1-3EA25881306E}"
EndProject
Project("{2150E333-8FDC-42A3-9474-1A3956D46DE8}") = "Nuget", "Nuget", "{6176FA34-CAB2-44E6-BEB2-57AB45FFE265}"
	ProjectSection(SolutionItems) = preProject
		Kdd.Common.nuspec = Kdd.Common.nuspec
	EndProjectSection
EndProject
Global
	GlobalSection(SolutionConfigurationPlatforms) = preSolution
		Debug|Any CPU = Debug|Any CPU
		Release|Any CPU = Release|Any CPU
	EndGlobalSection
	GlobalSection(ProjectConfigurationPlatforms) = postSolution
		{32546063-06BF-4091-ACD1-3EA25881306E}.Debug|Any CPU.ActiveCfg = Debug|Any CPU
		{32546063-06BF-4091-ACD1-3EA25881306E}.Debug|Any CPU.Build.0 = Debug|Any CPU
		{32546063-06BF-4091-ACD1-3EA25881306E}.Release|Any CPU.ActiveCfg = Release|Any CPU
		{32546063-06BF-4091-ACD1-3EA25881306E}.Release|Any CPU.Build.0 = Release|Any CPU
	EndGlobalSection
	GlobalSection(SolutionProperties) = preSolution
		HideSolutionNode = FALSE
	EndGlobalSection
	GlobalSection(ExtensibilityGlobals) = postSolution
		SolutionGuid = {8D2E7580-1953-4DF9-9456-82B7C72284AB}
	EndGlobalSection
EndGlobal
